// !$*UTF8*$!
{
	archiveVersion = 1;
	classes = {
	};
	objectVersion = 48;
	objects = {

/* Begin PBXBuildFile section */
		80A9A6D11F9EE07800D48754 /* AppDelegate.m in Sources */ = {isa = PBXBuildFile; fileRef = 80A9A6D01F9EE07800D48754 /* AppDelegate.m */; };
		80A9A6D41F9EE07800D48754 /* ViewController.m in Sources */ = {isa = PBXBuildFile; fileRef = 80A9A6D31F9EE07800D48754 /* ViewController.m */; };
		80A9A6D71F9EE07800D48754 /* Main.storyboard in Resources */ = {isa = PBXBuildFile; fileRef = 80A9A6D51F9EE07800D48754 /* Main.storyboard */; };
		80A9A6D91F9EE07800D48754 /* Assets.xcassets in Resources */ = {isa = PBXBuildFile; fileRef = 80A9A6D81F9EE07800D48754 /* Assets.xcassets */; };
		80A9A6DC1F9EE07800D48754 /* LaunchScreen.storyboard in Resources */ = {isa = PBXBuildFile; fileRef = 80A9A6DA1F9EE07800D48754 /* LaunchScreen.storyboard */; };
		80A9A6DF1F9EE07800D48754 /* main.m in Sources */ = {isa = PBXBuildFile; fileRef = 80A9A6DE1F9EE07800D48754 /* main.m */; };
		80A9A6E91F9EE07800D48754 /* UIWindowTests.m in Sources */ = {isa = PBXBuildFile; fileRef = 80A9A6E81F9EE07800D48754 /* UIWindowTests.m */; };
		80A9A6F41F9EE07800D48754 /* UIWindowUITests.m in Sources */ = {isa = PBXBuildFile; fileRef = 80A9A6F31F9EE07800D48754 /* UIWindowUITests.m */; };
		80A9A7061F9EE10A00D48754 /* YGWAppDelegate.m in Sources */ = {isa = PBXBuildFile; fileRef = 80A9A7051F9EE10A00D48754 /* YGWAppDelegate.m */; };
/* End PBXBuildFile section */

/* Begin PBXContainerItemProxy section */
		80A9A6E51F9EE07800D48754 /* PBXContainerItemProxy */ = {
			isa = PBXContainerItemProxy;
			containerPortal = 80A9A6C41F9EE07800D48754 /* Project object */;
			proxyType = 1;
			remoteGlobalIDString = 80A9A6CB1F9EE07800D48754;
			remoteInfo = UIWindow;
		};
		80A9A6F01F9EE07800D48754 /* PBXContainerItemProxy */ = {
			isa = PBXContainerItemProxy;
			containerPortal = 80A9A6C41F9EE07800D48754 /* Project object */;
			proxyType = 1;
			remoteGlobalIDString = 80A9A6CB1F9EE07800D48754;
			remoteInfo = UIWindow;
		};
/* End PBXContainerItemProxy section */

/* Begin PBXFileReference section */
		80A9A6CC1F9EE07800D48754 /* UIWindow.app */ = {isa = PBXFileReference; explicitFileType = wrapper.application; includeInIndex = 0; path = UIWindow.app; sourceTree = BUILT_PRODUCTS_DIR; };
		80A9A6CF1F9EE07800D48754 /* AppDelegate.h */ = {isa = PBXFileReference; lastKnownFileType = sourcecode.c.h; path = AppDelegate.h; sourceTree = "<group>"; };
		80A9A6D01F9EE07800D48754 /* AppDelegate.m */ = {isa = PBXFileReference; lastKnownFileType = sourcecode.c.objc; path = AppDelegate.m; sourceTree = "<group>"; };
		80A9A6D21F9EE07800D48754 /* ViewController.h */ = {isa = PBXFileReference; lastKnownFileType = sourcecode.c.h; path = ViewController.h; sourceTree = "<group>"; };
		80A9A6D31F9EE07800D48754 /* ViewController.m */ = {isa = PBXFileReference; lastKnownFileType = sourcecode.c.objc; path = ViewController.m; sourceTree = "<group>"; };
		80A9A6D61F9EE07800D48754 /* Base */ = {isa = PBXFileReference; lastKnownFileType = file.storyboard; name = Base; path = Base.lproj/Main.storyboard; sourceTree = "<group>"; };
		80A9A6D81F9EE07800D48754 /* Assets.xcassets */ = {isa = PBXFileReference; lastKnownFileType = folder.assetcatalog; path = Assets.xcassets; sourceTree = "<group>"; };
		80A9A6DB1F9EE07800D48754 /* Base */ = {isa = PBXFileReference; lastKnownFileType = file.storyboard; name = Base; path = Base.lproj/LaunchScreen.storyboard; sourceTree = "<group>"; };
		80A9A6DD1F9EE07800D48754 /* Info.plist */ = {isa = PBXFileReference; lastKnownFileType = text.plist.xml; path = Info.plist; sourceTree = "<group>"; };
		80A9A6DE1F9EE07800D48754 /* main.m */ = {isa = PBXFileReference; lastKnownFileType = sourcecode.c.objc; path = main.m; sourceTree = "<group>"; };
		80A9A6E41F9EE07800D48754 /* UIWindowTests.xctest */ = {isa = PBXFileReference; explicitFileType = wrapper.cfbundle; includeInIndex = 0; path = UIWindowTests.xctest; sourceTree = BUILT_PRODUCTS_DIR; };
		80A9A6E81F9EE07800D48754 /* UIWindowTests.m */ = {isa = PBXFileReference; lastKnownFileType = sourcecode.c.objc; path = UIWindowTests.m; sourceTree = "<group>"; };
		80A9A6EA1F9EE07800D48754 /* Info.plist */ = {isa = PBXFileReference; lastKnownFileType = text.plist.xml; path = Info.plist; sourceTree = "<group>"; };
		80A9A6EF1F9EE07800D48754 /* UIWindowUITests.xctest */ = {isa = PBXFileReference; explicitFileType = wrapper.cfbundle; includeInIndex = 0; path = UIWindowUITests.xctest; sourceTree = BUILT_PRODUCTS_DIR; };
		80A9A6F31F9EE07800D48754 /* UIWindowUITests.m */ = {isa = PBXFileReference; lastKnownFileType = sourcecode.c.objc; path = UIWindowUITests.m; sourceTree = "<group>"; };
		80A9A6F51F9EE07800D48754 /* Info.plist */ = {isa = PBXFileReference; lastKnownFileType = text.plist.xml; path = Info.plist; sourceTree = "<group>"; };
		80A9A7041F9EE10A00D48754 /* YGWAppDelegate.h */ = {isa = PBXFileReference; lastKnownFileType = sourcecode.c.h; path = YGWAppDelegate.h; sourceTree = "<group>"; };
		80A9A7051F9EE10A00D48754 /* YGWAppDelegate.m */ = {isa = PBXFileReference; lastKnownFileType = sourcecode.c.objc; path = YGWAppDelegate.m; sourceTree = "<group>"; };
/* End PBXFileReference section */

/* Begin PBXFrameworksBuildPhase section */
		80A9A6C91F9EE07800D48754 /* Frameworks */ = {
			isa = PBXFrameworksBuildPhase;
			buildActionMask = 2147483647;
			files = (
			);
			runOnlyForDeploymentPostprocessing = 0;
		};
		80A9A6E11F9EE07800D48754 /* Frameworks */ = {
			isa = PBXFrameworksBuildPhase;
			buildActionMask = 2147483647;
			files = (
			);
			runOnlyForDeploymentPostprocessing = 0;
		};
		80A9A6EC1F9EE07800D48754 /* Frameworks */ = {
			isa = PBXFrameworksBuildPhase;
			buildActionMask = 2147483647;
			files = (
			);
			runOnlyForDeploymentPostprocessing = 0;
		};
/* End PBXFrameworksBuildPhase section */

/* Begin PBXGroup section */
		80A9A6C31F9EE07800D48754 = {
			isa = PBXGroup;
			children = (
				80A9A6CE1F9EE07800D48754 /* UIWindow */,
				80A9A6E71F9EE07800D48754 /* UIWindowTests */,
				80A9A6F21F9EE07800D48754 /* UIWindowUITests */,
				80A9A6CD1F9EE07800D48754 /* Products */,
			);
			sourceTree = "<group>";
		};
		80A9A6CD1F9EE07800D48754 /* Products */ = {
			isa = PBXGroup;
			children = (
				80A9A6CC1F9EE07800D48754 /* UIWindow.app */,
				80A9A6E41F9EE07800D48754 /* UIWindowTests.xctest */,
				80A9A6EF1F9EE07800D48754 /* UIWindowUITests.xctest */,
			);
			name = Products;
			sourceTree = "<group>";
		};
		80A9A6CE1F9EE07800D48754 /* UIWindow */ = {
			isa = PBXGroup;
			children = (
				80A9A7031F9EE0D600D48754 /* one */,
				80A9A7021F9EE0C300D48754 /* main */,
				80A9A7011F9EE09500D48754 /* stroyboard */,
			);
			path = UIWindow;
			sourceTree = "<group>";
		};
		80A9A6E71F9EE07800D48754 /* UIWindowTests */ = {
			isa = PBXGroup;
			children = (
				80A9A6E81F9EE07800D48754 /* UIWindowTests.m */,
				80A9A6EA1F9EE07800D48754 /* Info.plist */,
			);
			path = UIWindowTests;
			sourceTree = "<group>";
		};
		80A9A6F21F9EE07800D48754 /* UIWindowUITests */ = {
			isa = PBXGroup;
			children = (
				80A9A6F31F9EE07800D48754 /* UIWindowUITests.m */,
				80A9A6F51F9EE07800D48754 /* Info.plist */,
			);
			path = UIWindowUITests;
			sourceTree = "<group>";
		};
		80A9A7011F9EE09500D48754 /* stroyboard */ = {
			isa = PBXGroup;
			children = (
				80A9A6CF1F9EE07800D48754 /* AppDelegate.h */,
				80A9A6D01F9EE07800D48754 /* AppDelegate.m */,
				80A9A6D21F9EE07800D48754 /* ViewController.h */,
				80A9A6D31F9EE07800D48754 /* ViewController.m */,
				80A9A6D51F9EE07800D48754 /* Main.storyboard */,
				80A9A6D81F9EE07800D48754 /* Assets.xcassets */,
				80A9A6DA1F9EE07800D48754 /* LaunchScreen.storyboard */,
				80A9A6DD1F9EE07800D48754 /* Info.plist */,
			);
			path = stroyboard;
			sourceTree = "<group>";
		};
		80A9A7021F9EE0C300D48754 /* main */ = {
			isa = PBXGroup;
			children = (
				80A9A6DE1F9EE07800D48754 /* main.m */,
			);
			path = main;
			sourceTree = "<group>";
		};
		80A9A7031F9EE0D600D48754 /* one */ = {
			isa = PBXGroup;
			children = (
				80A9A7041F9EE10A00D48754 /* YGWAppDelegate.h */,
				80A9A7051F9EE10A00D48754 /* YGWAppDelegate.m */,
			);
			path = one;
			sourceTree = "<group>";
		};
/* End PBXGroup section */

/* Begin PBXNativeTarget section */
		80A9A6CB1F9EE07800D48754 /* UIWindow */ = {
			isa = PBXNativeTarget;
			buildConfigurationList = 80A9A6F81F9EE07800D48754 /* Build configuration list for PBXNativeTarget "UIWindow" */;
			buildPhases = (
				80A9A6C81F9EE07800D48754 /* Sources */,
				80A9A6C91F9EE07800D48754 /* Frameworks */,
				80A9A6CA1F9EE07800D48754 /* Resources */,
			);
			buildRules = (
			);
			dependencies = (
			);
			name = UIWindow;
			productName = UIWindow;
			productReference = 80A9A6CC1F9EE07800D48754 /* UIWindow.app */;
			productType = "com.apple.product-type.application";
		};
		80A9A6E31F9EE07800D48754 /* UIWindowTests */ = {
			isa = PBXNativeTarget;
			buildConfigurationList = 80A9A6FB1F9EE07800D48754 /* Build configuration list for PBXNativeTarget "UIWindowTests" */;
			buildPhases = (
				80A9A6E01F9EE07800D48754 /* Sources */,
				80A9A6E11F9EE07800D48754 /* Frameworks */,
				80A9A6E21F9EE07800D48754 /* Resources */,
			);
			buildRules = (
			);
			dependencies = (
				80A9A6E61F9EE07800D48754 /* PBXTargetDependency */,
			);
			name = UIWindowTests;
			productName = UIWindowTests;
			productReference = 80A9A6E41F9EE07800D48754 /* UIWindowTests.xctest */;
			productType = "com.apple.product-type.bundle.unit-test";
		};
		80A9A6EE1F9EE07800D48754 /* UIWindowUITests */ = {
			isa = PBXNativeTarget;
			buildConfigurationList = 80A9A6FE1F9EE07800D48754 /* Build configuration list for PBXNativeTarget "UIWindowUITests" */;
			buildPhases = (
				80A9A6EB1F9EE07800D48754 /* Sources */,
				80A9A6EC1F9EE07800D48754 /* Frameworks */,
				80A9A6ED1F9EE07800D48754 /* Resources */,
			);
			buildRules = (
			);
			dependencies = (
				80A9A6F11F9EE07800D48754 /* PBXTargetDependency */,
			);
			name = UIWindowUITests;
			productName = UIWindowUITests;
			productReference = 80A9A6EF1F9EE07800D48754 /* UIWindowUITests.xctest */;
			productType = "com.apple.product-type.bundle.ui-testing";
		};
/* End PBXNativeTarget section */

/* Begin PBXProject section */
		80A9A6C41F9EE07800D48754 /* Project object */ = {
			isa = PBXProject;
			attributes = {
				CLASSPREFIX = YGW;
				LastUpgradeCheck = 0900;
				ORGANIZATIONNAME = alrs;
				TargetAttributes = {
					80A9A6CB1F9EE07800D48754 = {
						CreatedOnToolsVersion = 9.0;
						ProvisioningStyle = Automatic;
					};
					80A9A6E31F9EE07800D48754 = {
						CreatedOnToolsVersion = 9.0;
						ProvisioningStyle = Automatic;
						TestTargetID = 80A9A6CB1F9EE07800D48754;
					};
					80A9A6EE1F9EE07800D48754 = {
						CreatedOnToolsVersion = 9.0;
						ProvisioningStyle = Automatic;
						TestTargetID = 80A9A6CB1F9EE07800D48754;
					};
				};
			};
			buildConfigurationList = 80A9A6C71F9EE07800D48754 /* Build configuration list for PBXProject "UIWindow" */;
			compatibilityVersion = "Xcode 8.0";
			developmentRegion = en;
			hasScannedForEncodings = 0;
			knownRegions = (
				en,
				Base,
			);
			mainGroup = 80A9A6C31F9EE07800D48754;
			productRefGroup = 80A9A6CD1F9EE07800D48754 /* Products */;
			projectDirPath = "";
			projectRoot = "";
			targets = (
				80A9A6CB1F9EE07800D48754 /* UIWindow */,
				80A9A6E31F9EE07800D48754 /* UIWindowTests */,
				80A9A6EE1F9EE07800D48754 /* UIWindowUITests */,
			);
		};
/* End PBXProject section */

/* Begin PBXResourcesBuildPhase section */
		80A9A6CA1F9EE07800D48754 /* Resources */ = {
			isa = PBXResourcesBuildPhase;
			buildActionMask = 2147483647;
			files = (
				80A9A6DC1F9EE07800D48754 /* LaunchScreen.storyboard in Resources */,
				80A9A6D91F9EE07800D48754 /* Assets.xcassets in Resources */,
				80A9A6D71F9EE07800D48754 /* Main.storyboard in Resources */,
			);
			runOnlyForDeploymentPostprocessing = 0;
		};
		80A9A6E21F9EE07800D48754 /* Resources */ = {
			isa = PBXResourcesBuildPhase;
			buildActionMask = 2147483647;
			files = (
			);
			runOnlyForDeploymentPostprocessing = 0;
		};
		80A9A6ED1F9EE07800D48754 /* Resources */ = {
			isa = PBXResourcesBuildPhase;
			buildActionMask = 2147483647;
			files = (
			);
			runOnlyForDeploymentPostprocessing = 0;
		};
/* End PBXResourcesBuildPhase section */

/* Begin PBXSourcesBuildPhase section */
		80A9A6C81F9EE07800D48754 /* Sources */ = {
			isa = PBXSourcesBuildPhase;
			buildActionMask = 2147483647;
			files = (
				80A9A6D41F9EE07800D48754 /* ViewController.m in Sources */,
				80A9A6DF1F9EE07800D48754 /* main.m in Sources */,
				80A9A7061F9EE10A00D48754 /* YGWAppDelegate.m in Sources */,
				80A9A6D11F9EE07800D48754 /* AppDelegate.m in Sources */,
			);
			runOnlyForDeploymentPostprocessing = 0;
		};
		80A9A6E01F9EE07800D48754 /* Sources */ = {
			isa = PBXSourcesBuildPhase;
			buildActionMask = 2147483647;
			files = (
				80A9A6E91F9EE07800D48754 /* UIWindowTests.m in Sources */,
			);
			runOnlyForDeploymentPostprocessing = 0;
		};
		80A9A6EB1F9EE07800D48754 /* Sources */ = {
			isa = PBXSourcesBuildPhase;
			buildActionMask = 2147483647;
			files = (
				80A9A6F41F9EE07800D48754 /* UIWindowUITests.m in Sources */,
			);
			runOnlyForDeploymentPostprocessing = 0;
		};
/* End PBXSourcesBuildPhase section */

/* Begin PBXTargetDependency section */
		80A9A6E61F9EE07800D48754 /* PBXTargetDependency */ = {
			isa = PBXTargetDependency;
			target = 80A9A6CB1F9EE07800D48754 /* UIWindow */;
			targetProxy = 80A9A6E51F9EE07800D48754 /* PBXContainerItemProxy */;
		};
		80A9A6F11F9EE07800D48754 /* PBXTargetDependency */ = {
			isa = PBXTargetDependency;
			target = 80A9A6CB1F9EE07800D48754 /* UIWindow */;
			targetProxy = 80A9A6F01F9EE07800D48754 /* PBXContainerItemProxy */;
		};
/* End PBXTargetDependency section */

/* Begin PBXVariantGroup section */
		80A9A6D51F9EE07800D48754 /* Main.storyboard */ = {
			isa = PBXVariantGroup;
			children = (
				80A9A6D61F9EE07800D48754 /* Base */,
			);
			name = Main.storyboard;
			sourceTree = "<group>";
		};
		80A9A6DA1F9EE07800D48754 /* LaunchScreen.storyboard */ = {
			isa = PBXVariantGroup;
			children = (
				80A9A6DB1F9EE07800D48754 /* Base */,
			);
			name = LaunchScreen.storyboard;
			sourceTree = "<group>";
		};
/* End PBXVariantGroup section */

/* Begin XCBuildConfiguration section */
		80A9A6F61F9EE07800D48754 /* Debug */ = {
			isa = XCBuildConfiguration;
			buildSettings = {
				ALWAYS_SEARCH_USER_PATHS = NO;
				CLANG_ANALYZER_NONNULL = YES;
				CLANG_ANALYZER_NUMBER_OBJECT_CONVERSION = YES_AGGRESSIVE;
				CLANG_CXX_LANGUAGE_STANDARD = "gnu++14";
				CLANG_CXX_LIBRARY = "libc++";
				CLANG_ENABLE_MODULES = YES;
				CLANG_ENABLE_OBJC_ARC = YES;
				CLANG_WARN_BLOCK_CAPTURE_AUTORELEASING = YES;
				CLANG_WARN_BOOL_CONVERSION = YES;
				CLANG_WARN_COMMA = YES;
				CLANG_WARN_CONSTANT_CONVERSION = YES;
				CLANG_WARN_DIRECT_OBJC_ISA_USAGE = YES_ERROR;
				CLANG_WARN_DOCUMENTATION_COMMENTS = YES;
				CLANG_WARN_EMPTY_BODY = YES;
				CLANG_WARN_ENUM_CONVERSION = YES;
				CLANG_WARN_INFINITE_RECURSION = YES;
				CLANG_WARN_INT_CONVERSION = YES;
				CLANG_WARN_NON_LITERAL_NULL_CONVERSION = YES;
				CLANG_WARN_OBJC_LITERAL_CONVERSION = YES;
				CLANG_WARN_OBJC_ROOT_CLASS = YES_ERROR;
				CLANG_WARN_RANGE_LOOP_ANALYSIS = YES;
				CLANG_WARN_STRICT_PROTOTYPES = YES;
				CLANG_WARN_SUSPICIOUS_MOVE = YES;
				CLANG_WARN_UNGUARDED_AVAILABILITY = YES_AGGRESSIVE;
				CLANG_WARN_UNREACHABLE_CODE = YES;
				CLANG_WARN__DUPLICATE_METHOD_MATCH = YES;
				CODE_SIGN_IDENTITY = "iPhone Developer";
				COPY_PHASE_STRIP = NO;
				DEBUG_INFORMATION_FORMAT = dwarf;
				ENABLE_STRICT_OBJC_MSGSEND = YES;
				ENABLE_TESTABILITY = YES;
				GCC_C_LANGUAGE_STANDARD = gnu11;
				GCC_DYNAMIC_NO_PIC = NO;
				GCC_NO_COMMON_BLOCKS = YES;
				GCC_OPTIMIZATION_LEVEL = 0;
				GCC_PREPROCESSOR_DEFINITIONS = (
					"DEBUG=1",
					"$(inherited)",
				);
				GCC_WARN_64_TO_32_BIT_CONVERSION = YES;
				GCC_WARN_ABOUT_RETURN_TYPE = YES_ERROR;
				GCC_WARN_UNDECLARED_SELECTOR = YES;
				GCC_WARN_UNINITIALIZED_AUTOS = YES_AGGRESSIVE;
				GCC_WARN_UNUSED_FUNCTION = YES;
				GCC_WARN_UNUSED_VARIABLE = YES;
				IPHONEOS_DEPLOYMENT_TARGET = 11.0;
				MTL_ENABLE_DEBUG_INFO = YES;
				ONLY_ACTIVE_ARCH = YES;
				SDKROOT = iphoneos;
			};
			name = Debug;
		};
		80A9A6F71F9EE07800D48754 /* Release */ = {
			isa = XCBuildConfiguration;
			buildSettings = {
				ALWAYS_SEARCH_USER_PATHS = NO;
				CLANG_ANALYZER_NONNULL = YES;
				CLANG_ANALYZER_NUMBER_OBJECT_CONVERSION = YES_AGGRESSIVE;
				CLANG_CXX_LANGUAGE_STANDARD = "gnu++14";
				CLANG_CXX_LIBRARY = "libc++";
				CLANG_ENABLE_MODULES = YES;
				CLANG_ENABLE_OBJC_ARC = YES;
				CLANG_WARN_BLOCK_CAPTURE_AUTORELEASING = YES;
				CLANG_WARN_BOOL_CONVERSION = YES;
				CLANG_WARN_COMMA = YES;
				CLANG_WARN_CONSTANT_CONVERSION = YES;
				CLANG_WARN_DIRECT_OBJC_ISA_USAGE = YES_ERROR;
				CLANG_WARN_DOCUMENTATION_COMMENTS = YES;
				CLANG_WARN_EMPTY_BODY = YES;
				CLANG_WARN_ENUM_CONVERSION = YES;
				CLANG_WARN_INFINITE_RECURSION = YES;
				CLANG_WARN_INT_CONVERSION = YES;
				CLANG_WARN_NON_LITERAL_NULL_CONVERSION = YES;
				CLANG_WARN_OBJC_LITERAL_CONVERSION = YES;
				CLANG_WARN_OBJC_ROOT_CLASS = YES_ERROR;
				CLANG_WARN_RANGE_LOOP_ANALYSIS = YES;
				CLANG_WARN_STRICT_PROTOTYPES = YES;
				CLANG_WARN_SUSPICIOUS_MOVE = YES;
				CLANG_WARN_UNGUARDED_AVAILABILITY = YES_AGGRESSIVE;
				CLANG_WARN_UNREACHABLE_CODE = YES;
				CLANG_WARN__DUPLICATE_METHOD_MATCH = YES;
				CODE_SIGN_IDENTITY = "iPhone Developer";
				COPY_PHASE_STRIP = NO;
				DEBUG_INFORMATION_FORMAT = "dwarf-with-dsym";
				ENABLE_NS_ASSERTIONS = NO;
				ENABLE_STRICT_OBJC_MSGSEND = YES;
				GCC_C_LANGUAGE_STANDARD = gnu11;
				GCC_NO_COMMON_BLOCKS = YES;
				GCC_WARN_64_TO_32_BIT_CONVERSION = YES;
				GCC_WARN_ABOUT_RETURN_TYPE = YES_ERROR;
				GCC_WARN_UNDECLARED_SELECTOR = YES;
				GCC_WARN_UNINITIALIZED_AUTOS = YES_AGGRESSIVE;
				GCC_WARN_UNUSED_FUNCTION = YES;
				GCC_WARN_UNUSED_VARIABLE = YES;
				IPHONEOS_DEPLOYMENT_TARGET = 11.0;
				MTL_ENABLE_DEBUG_INFO = NO;
				SDKROOT = iphoneos;
				VALIDATE_PRODUCT = YES;
			};
			name = Release;
		};
		80A9A6F91F9EE07800D48754 /* Debug */ = {
			isa = XCBuildConfiguration;
			buildSettings = {
				ASSETCATALOG_COMPILER_APPICON_NAME = AppIcon;
				CODE_SIGN_STYLE = Automatic;
				DEVELOPMENT_TEAM = TC2CX8RRAZ;
				INFOPLIST_FILE = "$(SRCROOT)/UIWindow/stroyboard/Info.plist";
				LD_RUNPATH_SEARCH_PATHS = "$(inherited) @executable_path/Frameworks";
				PRODUCT_BUNDLE_IDENTIFIER = com.alrs.UIWindow;
				PRODUCT_NAME = "$(TARGET_NAME)";
				TARGETED_DEVICE_FAMILY = "1,2";
			};
			name = Debug;
		};
		80A9A6FA1F9EE07800D48754 /* Release */ = {
			isa = XCBuildConfiguration;
			buildSettings = {
				ASSETCATALOG_COMPILER_APPICON_NAME = AppIcon;
				CODE_SIGN_STYLE = Automatic;
				DEVELOPMENT_TEAM = TC2CX8RRAZ;
				INFOPLIST_FILE = "$(SRCROOT)/UIWindow/stroyboard/Info.plist";
				LD_RUNPATH_SEARCH_PATHS = "$(inherited) @executable_path/Frameworks";
				PRODUCT_BUNDLE_IDENTIFIER = com.alrs.UIWindow;
				PRODUCT_NAME = "$(TARGET_NAME)";
				TARGETED_DEVICE_FAMILY = "1,2";
			};
			name = Release;
		};
		80A9A6FC1F9EE07800D48754 /* Debug */ = {
			isa = XCBuildConfiguration;
			buildSettings = {
				BUNDLE_LOADER = "$(TEST_HOST)";
				CODE_SIGN_STYLE = Automatic;
				DEVELOPMENT_TEAM = TC2CX8RRAZ;
				INFOPLIST_FILE = UIWindowTests/Info.plist;
				LD_RUNPATH_SEARCH_PATHS = "$(inherited) @executable_path/Frameworks @loader_path/Frameworks";
				PRODUCT_BUNDLE_IDENTIFIER = com.alrs.UIWindowTests;
				PRODUCT_NAME = "$(TARGET_NAME)";
				TARGETED_DEVICE_FAMILY = "1,2";
				TEST_HOST = "$(BUILT_PRODUCTS_DIR)/UIWindow.app/UIWindow";
			};
			name = Debug;
		};
		80A9A6FD1F9EE07800D48754 /* Release */ = {
			isa = XCBuildConfiguration;
			buildSettings = {
				BUNDLE_LOADER = "$(TEST_HOST)";
				CODE_SIGN_STYLE = Automatic;
				DEVELOPMENT_TEAM = TC2CX8RRAZ;
				INFOPLIST_FILE = UIWindowTests/Info.plist;
				LD_RUNPATH_SEARCH_PATHS = "$(inherited) @executable_path/Frameworks @loader_path/Frameworks";
				PRODUCT_BUNDLE_IDENTIFIER = com.alrs.UIWindowTests;
				PRODUCT_NAME = "$(TARGET_NAME)";
				TARGETED_DEVICE_FAMILY = "1,2";
				TEST_HOST = "$(BUILT_PRODUCTS_DIR)/UIWindow.app/UIWindow";
			};
			name = Release;
		};
		80A9A6FF1F9EE07800D48754 /* Debug */ = {
			isa = XCBuildConfiguration;
			buildSettings = {
				CODE_SIGN_STYLE = Automatic;
				DEVELOPMENT_TEAM = TC2CX8RRAZ;
				INFOPLIST_FILE = UIWindowUITests/Info.plist;
				LD_RUNPATH_SEARCH_PATHS = "$(inherited) @executable_path/Frameworks @loader_path/Frameworks";
				PRODUCT_BUNDLE_IDENTIFIER = com.alrs.UIWindowUITests;
				PRODUCT_NAME = "$(TARGET_NAME)";
				TARGETED_DEVICE_FAMILY = "1,2";
				TEST_TARGET_NAME = UIWindow;
			};
			name = Debug;
		};
		80A9A7001F9EE07800D48754 /* Release */ = {
			isa = XCBuildConfiguration;
			buildSettings = {
				CODE_SIGN_STYLE = Automatic;
				DEVELOPMENT_TEAM = TC2CX8RRAZ;
				INFOPLIST_FILE = UIWindowUITests/Info.plist;
				LD_RUNPATH_SEARCH_PATHS = "$(inherited) @executable_path/Frameworks @loader_path/Frameworks";
				PRODUCT_BUNDLE_IDENTIFIER = com.alrs.UIWindowUITests;
				PRODUCT_NAME = "$(TARGET_NAME)";
				TARGETED_DEVICE_FAMILY = "1,2";
				TEST_TARGET_NAME = UIWindow;
			};
			name = Release;
		};
/* End XCBuildConfiguration section */

/* Begin XCConfigurationList section */
		80A9A6C71F9EE07800D48754 /* Build configuration list for PBXProject "UIWindow" */ = {
			isa = XCConfigurationList;
			buildConfigurations = (
				80A9A6F61F9EE07800D48754 /* Debug */,
				80A9A6F71F9EE07800D48754 /* Release */,
			);
			defaultConfigurationIsVisible = 0;
			defaultConfigurationName = Release;
		};
		80A9A6F81F9EE07800D48754 /* Build configuration list for PBXNativeTarget "UIWindow" */ = {
			isa = XCConfigurationList;
			buildConfigurations = (
				80A9A6F91F9EE07800D48754 /* Debug */,
				80A9A6FA1F9EE07800D48754 /* Release */,
			);
			defaultConfigurationIsVisible = 0;
			defaultConfigurationName = Release;
		};
		80A9A6FB1F9EE07800D48754 /* Build configuration list for PBXNativeTarget "UIWindowTests" */ = {
			isa = XCConfigurationList;
			buildConfigurations = (
				80A9A6FC1F9EE07800D48754 /* Debug */,
				80A9A6FD1F9EE07800D48754 /* Release */,
			);
			defaultConfigurationIsVisible = 0;
			defaultConfigurationName = Release;
		};
		80A9A6FE1F9EE07800D48754 /* Build configuration list for PBXNativeTarget "UIWindowUITests" */ = {
			isa = XCConfigurationList;
			buildConfigurations = (
				80A9A6FF1F9EE07800D48754 /* Debug */,
				80A9A7001F9EE07800D48754 /* Release */,
			);
			defaultConfigurationIsVisible = 0;
			defaultConfigurationName = Release;
		};
/* End XCConfigurationList section */
	};
	rootObject = 80A9A6C41F9EE07800D48754 /* Project object */;
}
